
Microsoft Visual Studio Solution File, Format Version 12.00
# Visual Studio 2013
VisualStudioVersion = 12.0.30501.0
MinimumVisualStudioVersion = 10.0.40219.1
Project("{FAE04EC0-301F-11D3-BF4B-00C04F79EFBC}") = "ContentBlock", "ContentBlock\ContentBlock.csproj", "{827B5C1E-619A-4080-A7F1-10D103C38CFD}"
EndProject
Project("{FAE04EC0-301F-11D3-BF4B-00C04F79EFBC}") = "SocialShare", "SocialShare\SocialShare.csproj", "{33171BB5-9918-41BE-B06D-0D8347846B0C}"
EndProject
Project("{2150E333-8FDC-42A3-9474-1A3956D46DE8}") = ".nuget", ".nuget", "{5EEBCA3A-43FA-4A20-98D2-F47E2CDD56E4}"
	ProjectSection(SolutionItems) = preProject
		.nuget\NuGet.Config = .nuget\NuGet.Config
		.nuget\NuGet.exe = .nuget\NuGet.exe
		.nuget\NuGet.targets = .nuget\NuGet.targets
	EndProjectSection
EndProject
Project("{2150E333-8FDC-42A3-9474-1A3956D46DE8}") = "Solution Items", "Solution Items", "{61445BD5-A99E-4F27-B523-5331BE82291F}"
	ProjectSection(SolutionItems) = preProject
		FeatherWidgets.vsmdi = FeatherWidgets.vsmdi
		Tests\TestSettings.testsettings = Tests\TestSettings.testsettings
	EndProjectSection
EndProject
Project("{FAE04EC0-301F-11D3-BF4B-00C04F79EFBC}") = "Navigation", "Navigation\Navigation.csproj", "{FC694955-3DF4-4A35-AD3E-A6954D6243B1}"
EndProject
Project("{2150E333-8FDC-42A3-9474-1A3956D46DE8}") = "UITests", "UITests", "{EB73BDA8-73B7-4EC8-8707-853B53C40992}"
EndProject
Project("{FAE04EC0-301F-11D3-BF4B-00C04F79EFBC}") = "FeatherWidgets.TestIntegration", "Tests\FeatherWidgets.TestIntegration\FeatherWidgets.TestIntegration.csproj", "{6F9EE665-8F08-41F2-8AF1-8A8654AA6CA7}"
EndProject
Project("{FAE04EC0-301F-11D3-BF4B-00C04F79EFBC}") = "FeatherWidgets.TestUnit", "Tests\FeatherWidgets.TestUnit\FeatherWidgets.TestUnit.csproj", "{04E71A1D-8C5E-4B03-BA1E-5C0CE0E99663}"
EndProject
Project("{FAE04EC0-301F-11D3-BF4B-00C04F79EFBC}") = "FeatherWidgets.TestUtilities", "Tests\FeatherWidgets.TestUtilities\FeatherWidgets.TestUtilities.csproj", "{3A2DB408-48E4-4C20-BBBC-3F730009322A}"
EndProject
Project("{FAE04EC0-301F-11D3-BF4B-00C04F79EFBC}") = "FeatherWidgets.TestUI.Arrangements", "Tests\FeatherWidgets.TestUI.Arrangements\FeatherWidgets.TestUI.Arrangements.csproj", "{B02EF644-7756-41FA-BBA8-63F4F44C652B}"
EndProject
Project("{FAE04EC0-301F-11D3-BF4B-00C04F79EFBC}") = "News", "News\News.csproj", "{574042A9-61AA-4EAC-83D2-79CD19AA8BD4}"
EndProject
Global
	GlobalSection(SolutionConfigurationPlatforms) = preSolution
		Debug|Any CPU = Debug|Any CPU
		Release|Any CPU = Release|Any CPU
	EndGlobalSection
	GlobalSection(ProjectConfigurationPlatforms) = postSolution
		{827B5C1E-619A-4080-A7F1-10D103C38CFD}.Debug|Any CPU.ActiveCfg = Debug|Any CPU
		{827B5C1E-619A-4080-A7F1-10D103C38CFD}.Debug|Any CPU.Build.0 = Debug|Any CPU
		{827B5C1E-619A-4080-A7F1-10D103C38CFD}.Release|Any CPU.ActiveCfg = Release|Any CPU
		{827B5C1E-619A-4080-A7F1-10D103C38CFD}.Release|Any CPU.Build.0 = Release|Any CPU
		{33171BB5-9918-41BE-B06D-0D8347846B0C}.Debug|Any CPU.ActiveCfg = Debug|Any CPU
		{33171BB5-9918-41BE-B06D-0D8347846B0C}.Debug|Any CPU.Build.0 = Debug|Any CPU
		{33171BB5-9918-41BE-B06D-0D8347846B0C}.Release|Any CPU.ActiveCfg = Release|Any CPU
		{33171BB5-9918-41BE-B06D-0D8347846B0C}.Release|Any CPU.Build.0 = Release|Any CPU
		{FC694955-3DF4-4A35-AD3E-A6954D6243B1}.Debug|Any CPU.ActiveCfg = Debug|Any CPU
		{FC694955-3DF4-4A35-AD3E-A6954D6243B1}.Debug|Any CPU.Build.0 = Debug|Any CPU
		{FC694955-3DF4-4A35-AD3E-A6954D6243B1}.Release|Any CPU.ActiveCfg = Release|Any CPU
		{FC694955-3DF4-4A35-AD3E-A6954D6243B1}.Release|Any CPU.Build.0 = Release|Any CPU
		{6F9EE665-8F08-41F2-8AF1-8A8654AA6CA7}.Debug|Any CPU.ActiveCfg = Debug|Any CPU
		{6F9EE665-8F08-41F2-8AF1-8A8654AA6CA7}.Debug|Any CPU.Build.0 = Debug|Any CPU
		{6F9EE665-8F08-41F2-8AF1-8A8654AA6CA7}.Release|Any CPU.ActiveCfg = Release|Any CPU
		{6F9EE665-8F08-41F2-8AF1-8A8654AA6CA7}.Release|Any CPU.Build.0 = Release|Any CPU
		{04E71A1D-8C5E-4B03-BA1E-5C0CE0E99663}.Debug|Any CPU.ActiveCfg = Debug|Any CPU
		{04E71A1D-8C5E-4B03-BA1E-5C0CE0E99663}.Debug|Any CPU.Build.0 = Debug|Any CPU
		{04E71A1D-8C5E-4B03-BA1E-5C0CE0E99663}.Release|Any CPU.ActiveCfg = Release|Any CPU
		{04E71A1D-8C5E-4B03-BA1E-5C0CE0E99663}.Release|Any CPU.Build.0 = Release|Any CPU
		{3A2DB408-48E4-4C20-BBBC-3F730009322A}.Debug|Any CPU.ActiveCfg = Debug|Any CPU
		{3A2DB408-48E4-4C20-BBBC-3F730009322A}.Debug|Any CPU.Build.0 = Debug|Any CPU
		{3A2DB408-48E4-4C20-BBBC-3F730009322A}.Release|Any CPU.ActiveCfg = Release|Any CPU
		{3A2DB408-48E4-4C20-BBBC-3F730009322A}.Release|Any CPU.Build.0 = Release|Any CPU
		{B02EF644-7756-41FA-BBA8-63F4F44C652B}.Debug|Any CPU.ActiveCfg = Debug|Any CPU
		{B02EF644-7756-41FA-BBA8-63F4F44C652B}.Debug|Any CPU.Build.0 = Debug|Any CPU
		{B02EF644-7756-41FA-BBA8-63F4F44C652B}.Release|Any CPU.ActiveCfg = Release|Any CPU
		{B02EF644-7756-41FA-BBA8-63F4F44C652B}.Release|Any CPU.Build.0 = Release|Any CPU
		{574042A9-61AA-4EAC-83D2-79CD19AA8BD4}.Debug|Any CPU.ActiveCfg = Debug|Any CPU
		{574042A9-61AA-4EAC-83D2-79CD19AA8BD4}.Debug|Any CPU.Build.0 = Debug|Any CPU
		{574042A9-61AA-4EAC-83D2-79CD19AA8BD4}.Release|Any CPU.ActiveCfg = Release|Any CPU
		{574042A9-61AA-4EAC-83D2-79CD19AA8BD4}.Release|Any CPU.Build.0 = Release|Any CPU
	EndGlobalSection
	GlobalSection(SolutionProperties) = preSolution
		HideSolutionNode = FALSE
	EndGlobalSection
	GlobalSection(NestedProjects) = preSolution
		{B02EF644-7756-41FA-BBA8-63F4F44C652B} = {EB73BDA8-73B7-4EC8-8707-853B53C40992}
	EndGlobalSection
	GlobalSection(TestCaseManagementSettings) = postSolution
		CategoryFile = FeatherWidgets.vsmdi
	EndGlobalSection
EndGlobal
